// !$*UTF8*$!
{
	archiveVersion = 1;
	classes = {
	};
	objectVersion = 77;
	objects = {

/* Begin PBXBuildFile section */
		052BAC89301A32A800E89E15 /* SwiftSER.framework in Frameworks */ = {isa = PBXBuildFile; fileRef = 052BAC7F301A32A800E89E15 /* SwiftSER.framework */; };
		05E10011301A32C300E89E15 /* SERError.swift in Sources */ = {isa = PBXBuildFile; fileRef = 05E10001301A32C300E89E15 /* SERError.swift */; };
		05E10012301A32C300E89E15 /* SERParsingOptions.swift in Sources */ = {isa = PBXBuildFile; fileRef = 05E10002301A32C300E89E15 /* SERParsingOptions.swift */; };
		05E10014301A32C300E89E15 /* Data.swift in Sources */ = {isa = PBXBuildFile; fileRef = 05E10004301A32C300E89E15 /* Data.swift */; };
		05E10016301A32C300E89E15 /* SERError.swift in Sources */ = {isa = PBXBuildFile; fileRef = 05E10006301A32C300E89E15 /* SERError.swift */; };
		05E10017301A32C300E89E15 /* SERParsingOptions.swift in Sources */ = {isa = PBXBuildFile; fileRef = 05E10007301A32C300E89E15 /* SERParsingOptions.swift */; };
		05E10018301A32C300E89E15 /* Data.swift in Sources */ = {isa = PBXBuildFile; fileRef = 05E10008301A32C300E89E15 /* Data.swift */; };
		05E20011301A32C300E89E15 /* SERBayerPattern.swift in Sources */ = {isa = PBXBuildFile; fileRef = 05E20001301A32C300E89E15 /* SERBayerPattern.swift */; };
		05E20012301A32C300E89E15 /* SERColorID.swift in Sources */ = {isa = PBXBuildFile; fileRef = 05E20002301A32C300E89E15 /* SERColorID.swift */; };
		05E20013301A32C300E89E15 /* SERHeader.swift in Sources */ = {isa = PBXBuildFile; fileRef = 05E20003301A32C300E89E15 /* SERHeader.swift */; };
		05E20014301A32C300E89E15 /* SERBayerPattern.swift in Sources */ = {isa = PBXBuildFile; fileRef = 05E20004301A32C300E89E15 /* SERBayerPattern.swift */; };
		05E20015301A32C300E89E15 /* SERColorID.swift in Sources */ = {isa = PBXBuildFile; fileRef = 05E20005301A32C300E89E15 /* SERColorID.swift */; };
		05E20016301A32C300E89E15 /* SERHeader.swift in Sources */ = {isa = PBXBuildFile; fileRef = 05E20006301A32C300E89E15 /* SERHeader.swift */; };
		05E20017301A32C300E89E15 /* TestUtilities.swift in Sources */ = {isa = PBXBuildFile; fileRef = 05E20007301A32C300E89E15 /* TestUtilities.swift */; };
		05E30011301A32C300E89E15 /* SERFile.swift in Sources */ = {isa = PBXBuildFile; fileRef = 05E30001301A32C300E89E15 /* SERFile.swift */; };
		05E30012301A32C300E89E15 /* SERTimestamp.swift in Sources */ = {isa = PBXBuildFile; fileRef = 05E30002301A32C300E89E15 /* SERTimestamp.swift */; };
		05E30013301A32C300E89E15 /* SERFile.swift in Sources */ = {isa = PBXBuildFile; fileRef = 05E30003301A32C300E89E15 /* SERFile.swift */; };
		05E30014301A32C300E89E15 /* SERTimestamp.swift in Sources */ = {isa = PBXBuildFile; fileRef = 05E30004301A32C300E89E15 /* SERTimestamp.swift */; };
		05E40011301A32C300E89E15 /* SERFrame.swift in Sources */ = {isa = PBXBuildFile; fileRef = 05E40001301A32C300E89E15 /* SERFrame.swift */; };
		05E40012301A32C300E89E15 /* SERFrames.swift in Sources */ = {isa = PBXBuildFile; fileRef = 05E40002301A32C300E89E15 /* SERFrames.swift */; };
		05E40013301A32C300E89E15 /* SERFrame.swift in Sources */ = {isa = PBXBuildFile; fileRef = 05E40003301A32C300E89E15 /* SERFrame.swift */; };
		05E40014301A32C300E89E15 /* SERFrames.swift in Sources */ = {isa = PBXBuildFile; fileRef = 05E40004301A32C300E89E15 /* SERFrames.swift */; };
		05E50011301A32C300E89E15 /* SERBilinearDebayering.swift in Sources */ = {isa = PBXBuildFile; fileRef = 05E50001301A32C300E89E15 /* SERBilinearDebayering.swift */; };
		05E50012301A32C300E89E15 /* SERDebayerFailurePolicy.swift in Sources */ = {isa = PBXBuildFile; fileRef = 05E50002301A32C300E89E15 /* SERDebayerFailurePolicy.swift */; };
		05E50013301A32C300E89E15 /* SERDebayering.swift in Sources */ = {isa = PBXBuildFile; fileRef = 05E50003301A32C300E89E15 /* SERDebayering.swift */; };
		05E50014301A32C300E89E15 /* SERBilinearDebayering.swift in Sources */ = {isa = PBXBuildFile; fileRef = 05E50004301A32C300E89E15 /* SERBilinearDebayering.swift */; };
		05E50015301A32C300E89E15 /* SERDebayerFailurePolicy.swift in Sources */ = {isa = PBXBuildFile; fileRef = 05E50005301A32C300E89E15 /* SERDebayerFailurePolicy.swift */; };
/* End PBXBuildFile section */

/* Begin PBXContainerItemProxy section */
		052BAC8A301A32A800E89E15 /* PBXContainerItemProxy */ = {
			isa = PBXContainerItemProxy;
			containerPortal = 052BAC76301A32A800E89E15 /* Project object */;
			proxyType = 1;
			remoteGlobalIDString = 052BAC7E301A32A800E89E15;
			remoteInfo = SwiftSER;
		};
/* End PBXContainerItemProxy section */

/* Begin PBXFileReference section */
		052BAC7F301A32A800E89E15 /* SwiftSER.framework */ = {isa = PBXFileReference; explicitFileType = wrapper.framework; includeInIndex = 0; path = SwiftSER.framework; sourceTree = BUILT_PRODUCTS_DIR; };
		052BAC88301A32A800E89E15 /* SwiftSERTests.xctest */ = {isa = PBXFileReference; explicitFileType = wrapper.cfbundle; includeInIndex = 0; path = SwiftSERTests.xctest; sourceTree = BUILT_PRODUCTS_DIR; };
		05E10001301A32C300E89E15 /* SERError.swift */ = {isa = PBXFileReference; lastKnownFileType = sourcecode.swift; path = SERError.swift; sourceTree = "<group>"; };
		05E10002301A32C300E89E15 /* SERParsingOptions.swift */ = {isa = PBXFileReference; lastKnownFileType = sourcecode.swift; path = SERParsingOptions.swift; sourceTree = "<group>"; };
		05E10004301A32C300E89E15 /* Data.swift */ = {isa = PBXFileReference; lastKnownFileType = sourcecode.swift; path = Data.swift; sourceTree = "<group>"; };
		05E10005301A32C300E89E15 /* SwiftSER.xctestplan */ = {isa = PBXFileReference; lastKnownFileType = text; path = SwiftSER.xctestplan; sourceTree = "<group>"; };
		05E10006301A32C300E89E15 /* SERError.swift */ = {isa = PBXFileReference; lastKnownFileType = sourcecode.swift; path = SERError.swift; sourceTree = "<group>"; };
		05E10007301A32C300E89E15 /* SERParsingOptions.swift */ = {isa = PBXFileReference; lastKnownFileType = sourcecode.swift; path = SERParsingOptions.swift; sourceTree = "<group>"; };
		05E10008301A32C300E89E15 /* Data.swift */ = {isa = PBXFileReference; lastKnownFileType = sourcecode.swift; path = Data.swift; sourceTree = "<group>"; };
		05E20001301A32C300E89E15 /* SERBayerPattern.swift */ = {isa = PBXFileReference; lastKnownFileType = sourcecode.swift; path = SERBayerPattern.swift; sourceTree = "<group>"; };
		05E20002301A32C300E89E15 /* SERColorID.swift */ = {isa = PBXFileReference; lastKnownFileType = sourcecode.swift; path = SERColorID.swift; sourceTree = "<group>"; };
		05E20003301A32C300E89E15 /* SERHeader.swift */ = {isa = PBXFileReference; lastKnownFileType = sourcecode.swift; path = SERHeader.swift; sourceTree = "<group>"; };
		05E20004301A32C300E89E15 /* SERBayerPattern.swift */ = {isa = PBXFileReference; lastKnownFileType = sourcecode.swift; path = SERBayerPattern.swift; sourceTree = "<group>"; };
		05E20005301A32C300E89E15 /* SERColorID.swift */ = {isa = PBXFileReference; lastKnownFileType = sourcecode.swift; path = SERColorID.swift; sourceTree = "<group>"; };
		05E20006301A32C300E89E15 /* SERHeader.swift */ = {isa = PBXFileReference; lastKnownFileType = sourcecode.swift; path = SERHeader.swift; sourceTree = "<group>"; };
		05E20007301A32C300E89E15 /* TestUtilities.swift */ = {isa = PBXFileReference; lastKnownFileType = sourcecode.swift; path = TestUtilities.swift; sourceTree = "<group>"; };
		05E30001301A32C300E89E15 /* SERFile.swift */ = {isa = PBXFileReference; lastKnownFileType = sourcecode.swift; path = SERFile.swift; sourceTree = "<group>"; };
		05E30002301A32C300E89E15 /* SERTimestamp.swift */ = {isa = PBXFileReference; lastKnownFileType = sourcecode.swift; path = SERTimestamp.swift; sourceTree = "<group>"; };
		05E30003301A32C300E89E15 /* SERFile.swift */ = {isa = PBXFileReference; lastKnownFileType = sourcecode.swift; path = SERFile.swift; sourceTree = "<group>"; };
		05E30004301A32C300E89E15 /* SERTimestamp.swift */ = {isa = PBXFileReference; lastKnownFileType = sourcecode.swift; path = SERTimestamp.swift; sourceTree = "<group>"; };
		05E40001301A32C300E89E15 /* SERFrame.swift */ = {isa = PBXFileReference; lastKnownFileType = sourcecode.swift; path = SERFrame.swift; sourceTree = "<group>"; };
		05E40002301A32C300E89E15 /* SERFrames.swift */ = {isa = PBXFileReference; lastKnownFileType = sourcecode.swift; path = SERFrames.swift; sourceTree = "<group>"; };
		05E40003301A32C300E89E15 /* SERFrame.swift */ = {isa = PBXFileReference; lastKnownFileType = sourcecode.swift; path = SERFrame.swift; sourceTree = "<group>"; };
		05E40004301A32C300E89E15 /* SERFrames.swift */ = {isa = PBXFileReference; lastKnownFileType = sourcecode.swift; path = SERFrames.swift; sourceTree = "<group>"; };
		05E50001301A32C300E89E15 /* SERBilinearDebayering.swift */ = {isa = PBXFileReference; lastKnownFileType = sourcecode.swift; path = SERBilinearDebayering.swift; sourceTree = "<group>"; };
		05E50002301A32C300E89E15 /* SERDebayerFailurePolicy.swift */ = {isa = PBXFileReference; lastKnownFileType = sourcecode.swift; path = SERDebayerFailurePolicy.swift; sourceTree = "<group>"; };
		05E50003301A32C300E89E15 /* SERDebayering.swift */ = {isa = PBXFileReference; lastKnownFileType = sourcecode.swift; path = SERDebayering.swift; sourceTree = "<group>"; };
		05E50004301A32C300E89E15 /* SERBilinearDebayering.swift */ = {isa = PBXFileReference; lastKnownFileType = sourcecode.swift; path = SERBilinearDebayering.swift; sourceTree = "<group>"; };
		05E50005301A32C300E89E15 /* SERDebayerFailurePolicy.swift */ = {isa = PBXFileReference; lastKnownFileType = sourcecode.swift; path = SERDebayerFailurePolicy.swift; sourceTree = "<group>"; };
		052BACA1301A32D000E89E15 /* CODE_OF_CONDUCT.md */ = {isa = PBXFileReference; lastKnownFileType = net.daringfireball.markdown; path = CODE_OF_CONDUCT.md; sourceTree = "<group>"; };
		052BACA2301A32D000E89E15 /* LICENSE */ = {isa = PBXFileReference; lastKnownFileType = text; path = LICENSE; sourceTree = "<group>"; };
		052BACA3301A32D000E89E15 /* README.md */ = {isa = PBXFileReference; lastKnownFileType = net.daringfireball.markdown; path = README.md; sourceTree = "<group>"; };
		052BACA4301A32E800E89E15 /* FUNDING.yml */ = {isa = PBXFileReference; lastKnownFileType = text.yaml; path = FUNDING.yml; sourceTree = "<group>"; };
		052BACA6301A32E800E89E15 /* C++.xcconfig */ = {isa = PBXFileReference; lastKnownFileType = text.xcconfig; path = "C++.xcconfig"; sourceTree = "<group>"; };
		052BACA7301A32E800E89E15 /* Modules.xcconfig */ = {isa = PBXFileReference; lastKnownFileType = text.xcconfig; path = Modules.xcconfig; sourceTree = "<group>"; };
		052BACA8301A32E800E89E15 /* Objective-C.xcconfig */ = {isa = PBXFileReference; lastKnownFileType = text.xcconfig; path = "Objective-C.xcconfig"; sourceTree = "<group>"; };
		052BACAA301A32E800E89E15 /* All-Languages.xcconfig */ = {isa = PBXFileReference; lastKnownFileType = text.xcconfig; path = "All-Languages.xcconfig"; sourceTree = "<group>"; };
		052BACAB301A32E800E89E15 /* C++.xcconfig */ = {isa = PBXFileReference; lastKnownFileType = text.xcconfig; path = "C++.xcconfig"; sourceTree = "<group>"; };
		052BACAC301A32E800E89E15 /* Objective-C.xcconfig */ = {isa = PBXFileReference; lastKnownFileType = text.xcconfig; path = "Objective-C.xcconfig"; sourceTree = "<group>"; };
		052BACAD301A32E800E89E15 /* Objective-C-ARC.xcconfig */ = {isa = PBXFileReference; lastKnownFileType = text.xcconfig; path = "Objective-C-ARC.xcconfig"; sourceTree = "<group>"; };
		052BACAF301A32E800E89E15 /* Address-Sanitizer.xcconfig */ = {isa = PBXFileReference; lastKnownFileType = text.xcconfig; path = "Address-Sanitizer.xcconfig"; sourceTree = "<group>"; };
		052BACB0301A32E800E89E15 /* Code-Generation.xcconfig */ = {isa = PBXFileReference; lastKnownFileType = text.xcconfig; path = "Code-Generation.xcconfig"; sourceTree = "<group>"; };
		052BACB1301A32E800E89E15 /* Language.xcconfig */ = {isa = PBXFileReference; lastKnownFileType = text.xcconfig; path = Language.xcconfig; sourceTree = "<group>"; };
		052BACB2301A32E800E89E15 /* Preprocessing.xcconfig */ = {isa = PBXFileReference; lastKnownFileType = text.xcconfig; path = Preprocessing.xcconfig; sourceTree = "<group>"; };
		052BACB3301A32E800E89E15 /* Undefined-Behavior-Sanitizer.xcconfig */ = {isa = PBXFileReference; lastKnownFileType = text.xcconfig; path = "Undefined-Behavior-Sanitizer.xcconfig"; sourceTree = "<group>"; };
		052BACB4301A32E800E89E15 /* Warning-Policies.xcconfig */ = {isa = PBXFileReference; lastKnownFileType = text.xcconfig; path = "Warning-Policies.xcconfig"; sourceTree = "<group>"; };
		052BACB5301A32E800E89E15 /* Warnings.xcconfig */ = {isa = PBXFileReference; lastKnownFileType = text.xcconfig; path = Warnings.xcconfig; sourceTree = "<group>"; };
		052BACB7301A32E800E89E15 /* Analysis-Policy.xcconfig */ = {isa = PBXFileReference; lastKnownFileType = text.xcconfig; path = "Analysis-Policy.xcconfig"; sourceTree = "<group>"; };
		052BACB8301A32E800E89E15 /* Apple-APIs.xcconfig */ = {isa = PBXFileReference; lastKnownFileType = text.xcconfig; path = "Apple-APIs.xcconfig"; sourceTree = "<group>"; };
		052BACB9301A32E800E89E15 /* Generic-Issues.xcconfig */ = {isa = PBXFileReference; lastKnownFileType = text.xcconfig; path = "Generic-Issues.xcconfig"; sourceTree = "<group>"; };
		052BACBA301A32E800E89E15 /* Objective-C.xcconfig */ = {isa = PBXFileReference; lastKnownFileType = text.xcconfig; path = "Objective-C.xcconfig"; sourceTree = "<group>"; };
		052BACBB301A32E800E89E15 /* Security.xcconfig */ = {isa = PBXFileReference; lastKnownFileType = text.xcconfig; path = Security.xcconfig; sourceTree = "<group>"; };
		052BACBD301A32E800E89E15 /* Issues.xcconfig */ = {isa = PBXFileReference; lastKnownFileType = text.xcconfig; path = Issues.xcconfig; sourceTree = "<group>"; };
		052BACBF301A32E800E89E15 /* Code-Generation.xcconfig */ = {isa = PBXFileReference; lastKnownFileType = text.xcconfig; path = "Code-Generation.xcconfig"; sourceTree = "<group>"; };
		052BACC0301A32E800E89E15 /* General.xcconfig */ = {isa = PBXFileReference; lastKnownFileType = text.xcconfig; path = General.xcconfig; sourceTree = "<group>"; };
		052BACC1301A32E800E89E15 /* Language.xcconfig */ = {isa = PBXFileReference; lastKnownFileType = text.xcconfig; path = Language.xcconfig; sourceTree = "<group>"; };
		052BACC2301A32E800E89E15 /* Warnings-Policies.xcconfig */ = {isa = PBXFileReference; lastKnownFileType = text.xcconfig; path = "Warnings-Policies.xcconfig"; sourceTree = "<group>"; };
		052BACC4301A32E800E89E15 /* Apple-LLVM.xcconfig */ = {isa = PBXFileReference; lastKnownFileType = text.xcconfig; path = "Apple-LLVM.xcconfig"; sourceTree = "<group>"; };
		052BACC5301A32E800E89E15 /* Architectures.xcconfig */ = {isa = PBXFileReference; lastKnownFileType = text.xcconfig; path = Architectures.xcconfig; sourceTree = "<group>"; };
		052BACC6301A32E800E89E15 /* Build-Options.xcconfig */ = {isa = PBXFileReference; lastKnownFileType = text.xcconfig; path = "Build-Options.xcconfig"; sourceTree = "<group>"; };
		052BACC7301A32E800E89E15 /* Deployment.xcconfig */ = {isa = PBXFileReference; lastKnownFileType = text.xcconfig; path = Deployment.xcconfig; sourceTree = "<group>"; };
		052BACC8301A32E800E89E15 /* Search-Paths.xcconfig */ = {isa = PBXFileReference; lastKnownFileType = text.xcconfig; path = "Search-Paths.xcconfig"; sourceTree = "<group>"; };
		052BACC9301A32E800E89E15 /* Signing.xcconfig */ = {isa = PBXFileReference; lastKnownFileType = text.xcconfig; path = Signing.xcconfig; sourceTree = "<group>"; };
		052BACCA301A32E800E89E15 /* Static-Analyzer.xcconfig */ = {isa = PBXFileReference; lastKnownFileType = text.xcconfig; path = "Static-Analyzer.xcconfig"; sourceTree = "<group>"; };
		052BACCB301A32E800E89E15 /* Swift-Compiler.xcconfig */ = {isa = PBXFileReference; lastKnownFileType = text.xcconfig; path = "Swift-Compiler.xcconfig"; sourceTree = "<group>"; };
		052BACCD301A32E800E89E15 /* ccache.sh */ = {isa = PBXFileReference; lastKnownFileType = text.script.sh; path = ccache.sh; sourceTree = "<group>"; };
		052BACCE301A32E800E89E15 /* ccache-config.sh */ = {isa = PBXFileReference; lastKnownFileType = text.script.sh; path = "ccache-config.sh"; sourceTree = "<group>"; };
		052BACD0301A32E800E89E15 /* .gitignore */ = {isa = PBXFileReference; lastKnownFileType = text; path = .gitignore; sourceTree = "<group>"; };
		052BACD1301A32E800E89E15 /* CODE_OF_CONDUCT.md */ = {isa = PBXFileReference; lastKnownFileType = net.daringfireball.markdown; path = CODE_OF_CONDUCT.md; sourceTree = "<group>"; };
		052BACD2301A32E800E89E15 /* Common.xcconfig */ = {isa = PBXFileReference; lastKnownFileType = text.xcconfig; path = Common.xcconfig; sourceTree = "<group>"; };
		052BACD3301A32E800E89E15 /* Debug.xcconfig */ = {isa = PBXFileReference; lastKnownFileType = text.xcconfig; path = Debug.xcconfig; sourceTree = "<group>"; };
		052BACD4301A32E800E89E15 /* Debug - ccache.xcconfig */ = {isa = PBXFileReference; lastKnownFileType = text.xcconfig; path = "Debug - ccache.xcconfig"; sourceTree = "<group>"; };
		052BACD5301A32E800E89E15 /* Debug - Library.xcconfig */ = {isa = PBXFileReference; lastKnownFileType = text.xcconfig; path = "Debug - Library.xcconfig"; sourceTree = "<group>"; };
		052BACD6301A32E800E89E15 /* Debug - zld.xcconfig */ = {isa = PBXFileReference; lastKnownFileType = text.xcconfig; path = "Debug - zld.xcconfig"; sourceTree = "<group>"; };
		052BACD7301A32E800E89E15 /* README.md */ = {isa = PBXFileReference; lastKnownFileType = net.daringfireball.markdown; path = README.md; sourceTree = "<group>"; };
		052BACD8301A32E800E89E15 /* Release.xcconfig */ = {isa = PBXFileReference; lastKnownFileType = text.xcconfig; path = Release.xcconfig; sourceTree = "<group>"; };
		052BACD9301A32E800E89E15 /* Release - ccache.xcconfig */ = {isa = PBXFileReference; lastKnownFileType = text.xcconfig; path = "Release - ccache.xcconfig"; sourceTree = "<group>"; };
		052BACDA301A32E800E89E15 /* Release - Library.xcconfig */ = {isa = PBXFileReference; lastKnownFileType = text.xcconfig; path = "Release - Library.xcconfig"; sourceTree = "<group>"; };
/* End PBXFileReference section */

/* Begin PBXFrameworksBuildPhase section */
		052BAC7C301A32A800E89E15 /* Frameworks */ = {
			isa = PBXFrameworksBuildPhase;
			buildActionMask = 2147483647;
			files = (
			);
			runOnlyForDeploymentPostprocessing = 0;
		};
		052BAC85301A32A800E89E15 /* Frameworks */ = {
			isa = PBXFrameworksBuildPhase;
			buildActionMask = 2147483647;
			files = (
				052BAC89301A32A800E89E15 /* SwiftSER.framework in Frameworks */,
			);
			runOnlyForDeploymentPostprocessing = 0;
		};
/* End PBXFrameworksBuildPhase section */

/* Begin PBXGroup section */
		052BAC75301A32A800E89E15 = {
			isa = PBXGroup;
			children = (
				052BACA3301A32D000E89E15 /* README.md */,
				052BACA2301A32D000E89E15 /* LICENSE */,
				052BACA1301A32D000E89E15 /* CODE_OF_CONDUCT.md */,
				05E10005301A32C300E89E15 /* SwiftSER.xctestplan */,
				052BACDB301A32E800E89E15 /* xcconfig */,
				052BAC9C301A32C300E89E15 /* SwiftSER */,
				052BAC9F301A32C500E89E15 /* SwiftSERTests */,
				052BAC80301A32A800E89E15 /* Products */,
			);
			sourceTree = "<group>";
		};
		052BAC80301A32A800E89E15 /* Products */ = {
			isa = PBXGroup;
			children = (
				052BAC7F301A32A800E89E15 /* SwiftSER.framework */,
				052BAC88301A32A800E89E15 /* SwiftSERTests.xctest */,
			);
			name = Products;
			sourceTree = "<group>";
		};
		052BAC9C301A32C300E89E15 /* SwiftSER */ = {
			isa = PBXGroup;
			children = (
				05E10003301A32C300E89E15 /* Extensions */,
				05E20001301A32C300E89E15 /* SERBayerPattern.swift */,
				05E50001301A32C300E89E15 /* SERBilinearDebayering.swift */,
				05E20002301A32C300E89E15 /* SERColorID.swift */,
				05E50002301A32C300E89E15 /* SERDebayerFailurePolicy.swift */,
				05E50003301A32C300E89E15 /* SERDebayering.swift */,
				05E10001301A32C300E89E15 /* SERError.swift */,
				05E30001301A32C300E89E15 /* SERFile.swift */,
				05E40001301A32C300E89E15 /* SERFrame.swift */,
				05E40002301A32C300E89E15 /* SERFrames.swift */,
				05E20003301A32C300E89E15 /* SERHeader.swift */,
				05E10002301A32C300E89E15 /* SERParsingOptions.swift */,
				05E30002301A32C300E89E15 /* SERTimestamp.swift */,
			);
			path = SwiftSER;
			sourceTree = "<group>";
		};
		052BAC9F301A32C500E89E15 /* SwiftSERTests */ = {
			isa = PBXGroup;
			children = (
				05E10008301A32C300E89E15 /* Data.swift */,
				05E20004301A32C300E89E15 /* SERBayerPattern.swift */,
				05E50004301A32C300E89E15 /* SERBilinearDebayering.swift */,
				05E20005301A32C300E89E15 /* SERColorID.swift */,
				05E50005301A32C300E89E15 /* SERDebayerFailurePolicy.swift */,
				05E10006301A32C300E89E15 /* SERError.swift */,
				05E30003301A32C300E89E15 /* SERFile.swift */,
				05E40003301A32C300E89E15 /* SERFrame.swift */,
				05E40004301A32C300E89E15 /* SERFrames.swift */,
				05E20006301A32C300E89E15 /* SERHeader.swift */,
				05E10007301A32C300E89E15 /* SERParsingOptions.swift */,
				05E30004301A32C300E89E15 /* SERTimestamp.swift */,
				05E20007301A32C300E89E15 /* TestUtilities.swift */,
			);
			path = SwiftSERTests;
			sourceTree = "<group>";
		};
		05E10003301A32C300E89E15 /* Extensions */ = {
			isa = PBXGroup;
			children = (
				05E10004301A32C300E89E15 /* Data.swift */,
			);
			path = Extensions;
			sourceTree = "<group>";
		};
		052BACA5301A32E800E89E15 /* .github */ = {
			isa = PBXGroup;
			children = (
				052BACA4301A32E800E89E15 /* FUNDING.yml */,
			);
			path = .github;
			sourceTree = "<group>";
		};
		052BACA9301A32E800E89E15 /* Language */ = {
			isa = PBXGroup;
			children = (
				052BACA6301A32E800E89E15 /* C++.xcconfig */,
				052BACA7301A32E800E89E15 /* Modules.xcconfig */,
				052BACA8301A32E800E89E15 /* Objective-C.xcconfig */,
			);
			path = Language;
			sourceTree = "<group>";
		};
		052BACAE301A32E800E89E15 /* Warnings */ = {
			isa = PBXGroup;
			children = (
				052BACAA301A32E800E89E15 /* All-Languages.xcconfig */,
				052BACAB301A32E800E89E15 /* C++.xcconfig */,
				052BACAC301A32E800E89E15 /* Objective-C.xcconfig */,
				052BACAD301A32E800E89E15 /* Objective-C-ARC.xcconfig */,
			);
			path = Warnings;
			sourceTree = "<group>";
		};
		052BACB6301A32E800E89E15 /* Apple-LLVM */ = {
			isa = PBXGroup;
			children = (
				052BACA9301A32E800E89E15 /* Language */,
				052BACAE301A32E800E89E15 /* Warnings */,
				052BACAF301A32E800E89E15 /* Address-Sanitizer.xcconfig */,
				052BACB0301A32E800E89E15 /* Code-Generation.xcconfig */,
				052BACB1301A32E800E89E15 /* Language.xcconfig */,
				052BACB2301A32E800E89E15 /* Preprocessing.xcconfig */,
				052BACB3301A32E800E89E15 /* Undefined-Behavior-Sanitizer.xcconfig */,
				052BACB4301A32E800E89E15 /* Warning-Policies.xcconfig */,
				052BACB5301A32E800E89E15 /* Warnings.xcconfig */,
			);
			path = "Apple-LLVM";
			sourceTree = "<group>";
		};
		052BACBC301A32E800E89E15 /* Issues */ = {
			isa = PBXGroup;
			children = (
				052BACB7301A32E800E89E15 /* Analysis-Policy.xcconfig */,
				052BACB8301A32E800E89E15 /* Apple-APIs.xcconfig */,
				052BACB9301A32E800E89E15 /* Generic-Issues.xcconfig */,
				052BACBA301A32E800E89E15 /* Objective-C.xcconfig */,
				052BACBB301A32E800E89E15 /* Security.xcconfig */,
			);
			path = Issues;
			sourceTree = "<group>";
		};
		052BACBE301A32E800E89E15 /* Static-Analyzer */ = {
			isa = PBXGroup;
			children = (
				052BACBC301A32E800E89E15 /* Issues */,
				052BACBD301A32E800E89E15 /* Issues.xcconfig */,
			);
			path = "Static-Analyzer";
			sourceTree = "<group>";
		};
		052BACC3301A32E800E89E15 /* Swift-Compiler */ = {
			isa = PBXGroup;
			children = (
				052BACBF301A32E800E89E15 /* Code-Generation.xcconfig */,
				052BACC0301A32E800E89E15 /* General.xcconfig */,
				052BACC1301A32E800E89E15 /* Language.xcconfig */,
				052BACC2301A32E800E89E15 /* Warnings-Policies.xcconfig */,
			);
			path = "Swift-Compiler";
			sourceTree = "<group>";
		};
		052BACCC301A32E800E89E15 /* Common */ = {
			isa = PBXGroup;
			children = (
				052BACB6301A32E800E89E15 /* Apple-LLVM */,
				052BACBE301A32E800E89E15 /* Static-Analyzer */,
				052BACC3301A32E800E89E15 /* Swift-Compiler */,
				052BACC4301A32E800E89E15 /* Apple-LLVM.xcconfig */,
				052BACC5301A32E800E89E15 /* Architectures.xcconfig */,
				052BACC6301A32E800E89E15 /* Build-Options.xcconfig */,
				052BACC7301A32E800E89E15 /* Deployment.xcconfig */,
				052BACC8301A32E800E89E15 /* Search-Paths.xcconfig */,
				052BACC9301A32E800E89E15 /* Signing.xcconfig */,
				052BACCA301A32E800E89E15 /* Static-Analyzer.xcconfig */,
				052BACCB301A32E800E89E15 /* Swift-Compiler.xcconfig */,
			);
			path = Common;
			sourceTree = "<group>";
		};
		052BACCF301A32E800E89E15 /* Scripts */ = {
			isa = PBXGroup;
			children = (
				052BACCD301A32E800E89E15 /* ccache.sh */,
				052BACCE301A32E800E89E15 /* ccache-config.sh */,
			);
			path = Scripts;
			sourceTree = "<group>";
		};
		052BACDB301A32E800E89E15 /* xcconfig */ = {
			isa = PBXGroup;
			children = (
				052BACA5301A32E800E89E15 /* .github */,
				052BACCC301A32E800E89E15 /* Common */,
				052BACCF301A32E800E89E15 /* Scripts */,
				052BACD0301A32E800E89E15 /* .gitignore */,
				052BACD1301A32E800E89E15 /* CODE_OF_CONDUCT.md */,
				052BACD2301A32E800E89E15 /* Common.xcconfig */,
				052BACD3301A32E800E89E15 /* Debug.xcconfig */,
				052BACD4301A32E800E89E15 /* Debug - ccache.xcconfig */,
				052BACD5301A32E800E89E15 /* Debug - Library.xcconfig */,
				052BACD6301A32E800E89E15 /* Debug - zld.xcconfig */,
				052BACD7301A32E800E89E15 /* README.md */,
				052BACD8301A32E800E89E15 /* Release.xcconfig */,
				052BACD9301A32E800E89E15 /* Release - ccache.xcconfig */,
				052BACDA301A32E800E89E15 /* Release - Library.xcconfig */,
			);
			name = xcconfig;
			path = Submodules/xcconfig;
			sourceTree = "<group>";
		};
/* End PBXGroup section */

/* Begin PBXHeadersBuildPhase section */
		052BAC7A301A32A800E89E15 /* Headers */ = {
			isa = PBXHeadersBuildPhase;
			buildActionMask = 2147483647;
			files = (
			);
			runOnlyForDeploymentPostprocessing = 0;
		};
/* End PBXHeadersBuildPhase section */

/* Begin PBXNativeTarget section */
		052BAC7E301A32A800E89E15 /* SwiftSER */ = {
			isa = PBXNativeTarget;
			buildConfigurationList = 052BAC91301A32A800E89E15 /* Build configuration list for PBXNativeTarget "SwiftSER" */;
			buildPhases = (
				052BAC7A301A32A800E89E15 /* Headers */,
				052BAC7B301A32A800E89E15 /* Sources */,
				052BAC7C301A32A800E89E15 /* Frameworks */,
				052BAC7D301A32A800E89E15 /* Resources */,
			);
			buildRules = (
			);
			dependencies = (
			);
			name = SwiftSER;
			packageProductDependencies = (
			);
			productName = SwiftSER;
			productReference = 052BAC7F301A32A800E89E15 /* SwiftSER.framework */;
			productType = "com.apple.product-type.framework";
		};
		052BAC87301A32A800E89E15 /* SwiftSERTests */ = {
			isa = PBXNativeTarget;
			buildConfigurationList = 052BAC94301A32A800E89E15 /* Build configuration list for PBXNativeTarget "SwiftSERTests" */;
			buildPhases = (
				052BAC84301A32A800E89E15 /* Sources */,
				052BAC85301A32A800E89E15 /* Frameworks */,
				052BAC86301A32A800E89E15 /* Resources */,
			);
			buildRules = (
			);
			dependencies = (
				052BAC8B301A32A800E89E15 /* PBXTargetDependency */,
			);
			name = SwiftSERTests;
			packageProductDependencies = (
			);
			productName = SwiftSERTests;
			productReference = 052BAC88301A32A800E89E15 /* SwiftSERTests.xctest */;
			productType = "com.apple.product-type.bundle.unit-test";
		};
/* End PBXNativeTarget section */

/* Begin PBXProject section */
		052BAC76301A32A800E89E15 /* Project object */ = {
			isa = PBXProject;
			attributes = {
				BuildIndependentTargetsInParallel = 1;
				LastSwiftUpdateCheck = 2650;
				LastUpgradeCheck = 2650;
				TargetAttributes = {
					052BAC7E301A32A800E89E15 = {
						CreatedOnToolsVersion = 26.5;
					};
					052BAC87301A32A800E89E15 = {
						CreatedOnToolsVersion = 26.5;
					};
				};
			};
			buildConfigurationList = 052BAC79301A32A800E89E15 /* Build configuration list for PBXProject "SwiftSER" */;
			developmentRegion = en;
			hasScannedForEncodings = 0;
			knownRegions = (
				en,
				Base,
			);
			mainGroup = 052BAC75301A32A800E89E15;
			minimizedProjectReferenceProxies = 1;
			preferredProjectObjectVersion = 77;
			productRefGroup = 052BAC80301A32A800E89E15 /* Products */;
			projectDirPath = "";
			projectRoot = "";
			targets = (
				052BAC7E301A32A800E89E15 /* SwiftSER */,
				052BAC87301A32A800E89E15 /* SwiftSERTests */,
			);
		};
/* End PBXProject section */

/* Begin PBXResourcesBuildPhase section */
		052BAC7D301A32A800E89E15 /* Resources */ = {
			isa = PBXResourcesBuildPhase;
			buildActionMask = 2147483647;
			files = (
			);
			runOnlyForDeploymentPostprocessing = 0;
		};
		052BAC86301A32A800E89E15 /* Resources */ = {
			isa = PBXResourcesBuildPhase;
			buildActionMask = 2147483647;
			files = (
			);
			runOnlyForDeploymentPostprocessing = 0;
		};
/* End PBXResourcesBuildPhase section */

/* Begin PBXSourcesBuildPhase section */
		052BAC7B301A32A800E89E15 /* Sources */ = {
			isa = PBXSourcesBuildPhase;
			buildActionMask = 2147483647;
			files = (
				05E10014301A32C300E89E15 /* Data.swift in Sources */,
				05E20011301A32C300E89E15 /* SERBayerPattern.swift in Sources */,
				05E50011301A32C300E89E15 /* SERBilinearDebayering.swift in Sources */,
				05E20012301A32C300E89E15 /* SERColorID.swift in Sources */,
				05E50012301A32C300E89E15 /* SERDebayerFailurePolicy.swift in Sources */,
				05E50013301A32C300E89E15 /* SERDebayering.swift in Sources */,
				05E10011301A32C300E89E15 /* SERError.swift in Sources */,
				05E30011301A32C300E89E15 /* SERFile.swift in Sources */,
				05E40011301A32C300E89E15 /* SERFrame.swift in Sources */,
				05E40012301A32C300E89E15 /* SERFrames.swift in Sources */,
				05E20013301A32C300E89E15 /* SERHeader.swift in Sources */,
				05E10012301A32C300E89E15 /* SERParsingOptions.swift in Sources */,
				05E30012301A32C300E89E15 /* SERTimestamp.swift in Sources */,
			);
			runOnlyForDeploymentPostprocessing = 0;
		};
		052BAC84301A32A800E89E15 /* Sources */ = {
			isa = PBXSourcesBuildPhase;
			buildActionMask = 2147483647;
			files = (
				05E10018301A32C300E89E15 /* Data.swift in Sources */,
				05E20014301A32C300E89E15 /* SERBayerPattern.swift in Sources */,
				05E50014301A32C300E89E15 /* SERBilinearDebayering.swift in Sources */,
				05E20015301A32C300E89E15 /* SERColorID.swift in Sources */,
				05E50015301A32C300E89E15 /* SERDebayerFailurePolicy.swift in Sources */,
				05E10016301A32C300E89E15 /* SERError.swift in Sources */,
				05E30013301A32C300E89E15 /* SERFile.swift in Sources */,
				05E40013301A32C300E89E15 /* SERFrame.swift in Sources */,
				05E40014301A32C300E89E15 /* SERFrames.swift in Sources */,
				05E20016301A32C300E89E15 /* SERHeader.swift in Sources */,
				05E10017301A32C300E89E15 /* SERParsingOptions.swift in Sources */,
				05E30014301A32C300E89E15 /* SERTimestamp.swift in Sources */,
				05E20017301A32C300E89E15 /* TestUtilities.swift in Sources */,
			);
			runOnlyForDeploymentPostprocessing = 0;
		};
/* End PBXSourcesBuildPhase section */

/* Begin PBXTargetDependency section */
		052BAC8B301A32A800E89E15 /* PBXTargetDependency */ = {
			isa = PBXTargetDependency;
			target = 052BAC7E301A32A800E89E15 /* SwiftSER */;
			targetProxy = 052BAC8A301A32A800E89E15 /* PBXContainerItemProxy */;
		};
/* End PBXTargetDependency section */

/* Begin XCBuildConfiguration section */
		052BAC8F301A32A800E89E15 /* Debug */ = {
			isa = XCBuildConfiguration;
			baseConfigurationReference = 052BACD5301A32E800E89E15 /* Debug - Library.xcconfig */;
			buildSettings = {
				CURRENT_PROJECT_VERSION = 1;
				MACOSX_DEPLOYMENT_TARGET = 15.0;
				SWIFT_VERSION = 6.0;
				VERSIONING_SYSTEM = "apple-generic";
				VERSION_INFO_PREFIX = "";
			};
			name = Debug;
		};
		052BAC90301A32A800E89E15 /* Release */ = {
			isa = XCBuildConfiguration;
			baseConfigurationReference = 052BACDA301A32E800E89E15 /* Release - Library.xcconfig */;
			buildSettings = {
				CURRENT_PROJECT_VERSION = 1;
				MACOSX_DEPLOYMENT_TARGET = 15.0;
				SWIFT_VERSION = 6.0;
				VERSIONING_SYSTEM = "apple-generic";
				VERSION_INFO_PREFIX = "";
			};
			name = Release;
		};
		052BAC92301A32A800E89E15 /* Debug */ = {
			isa = XCBuildConfiguration;
			buildSettings = {
				CURRENT_PROJECT_VERSION = 1;
				DYLIB_COMPATIBILITY_VERSION = 1;
				DYLIB_CURRENT_VERSION = 1;
				DYLIB_INSTALL_NAME_BASE = "@rpath";
				GENERATE_INFOPLIST_FILE = YES;
				INFOPLIST_KEY_NSHumanReadableCopyright = "Copyright © 2025 XS-Labs. All rights reserved.";
				LD_RUNPATH_SEARCH_PATHS = (
					"$(inherited)",
					"@executable_path/../Frameworks",
					"@loader_path/Frameworks",
				);
				MARKETING_VERSION = 1.0;
				PRODUCT_BUNDLE_IDENTIFIER = "com.xs-labs.SwiftSER";
				PRODUCT_NAME = "$(TARGET_NAME:c99extidentifier)";
			};
			name = Debug;
		};
		052BAC93301A32A800E89E15 /* Release */ = {
			isa = XCBuildConfiguration;
			buildSettings = {
				CURRENT_PROJECT_VERSION = 1;
				DYLIB_COMPATIBILITY_VERSION = 1;
				DYLIB_CURRENT_VERSION = 1;
				DYLIB_INSTALL_NAME_BASE = "@rpath";
				GENERATE_INFOPLIST_FILE = YES;
				INFOPLIST_KEY_NSHumanReadableCopyright = "Copyright © 2025 XS-Labs. All rights reserved.";
				LD_RUNPATH_SEARCH_PATHS = (
					"$(inherited)",
					"@executable_path/../Frameworks",
					"@loader_path/Frameworks",
				);
				MARKETING_VERSION = 1.0;
				PRODUCT_BUNDLE_IDENTIFIER = "com.xs-labs.SwiftSER";
				PRODUCT_NAME = "$(TARGET_NAME:c99extidentifier)";
			};
			name = Release;
		};
		052BAC95301A32A800E89E15 /* Debug */ = {
			isa = XCBuildConfiguration;
			buildSettings = {
				CURRENT_PROJECT_VERSION = 1;
				GENERATE_INFOPLIST_FILE = YES;
				MARKETING_VERSION = 1.0;
				PRODUCT_BUNDLE_IDENTIFIER = "com.xs-labs.SwiftSERTests";
				PRODUCT_NAME = "$(TARGET_NAME)";
			};
			name = Debug;
		};
		052BAC96301A32A800E89E15 /* Release */ = {
			isa = XCBuildConfiguration;
			buildSettings = {
				CURRENT_PROJECT_VERSION = 1;
				GENERATE_INFOPLIST_FILE = YES;
				MARKETING_VERSION = 1.0;
				PRODUCT_BUNDLE_IDENTIFIER = "com.xs-labs.SwiftSERTests";
				PRODUCT_NAME = "$(TARGET_NAME)";
			};
			name = Release;
		};
/* End XCBuildConfiguration section */

/* Begin XCConfigurationList section */
		052BAC79301A32A800E89E15 /* Build configuration list for PBXProject "SwiftSER" */ = {
			isa = XCConfigurationList;
			buildConfigurations = (
				052BAC8F301A32A800E89E15 /* Debug */,
				052BAC90301A32A800E89E15 /* Release */,
			);
			defaultConfigurationIsVisible = 0;
			defaultConfigurationName = Release;
		};
		052BAC91301A32A800E89E15 /* Build configuration list for PBXNativeTarget "SwiftSER" */ = {
			isa = XCConfigurationList;
			buildConfigurations = (
				052BAC92301A32A800E89E15 /* Debug */,
				052BAC93301A32A800E89E15 /* Release */,
			);
			defaultConfigurationIsVisible = 0;
			defaultConfigurationName = Release;
		};
		052BAC94301A32A800E89E15 /* Build configuration list for PBXNativeTarget "SwiftSERTests" */ = {
			isa = XCConfigurationList;
			buildConfigurations = (
				052BAC95301A32A800E89E15 /* Debug */,
				052BAC96301A32A800E89E15 /* Release */,
			);
			defaultConfigurationIsVisible = 0;
			defaultConfigurationName = Release;
		};
/* End XCConfigurationList section */
	};
	rootObject = 052BAC76301A32A800E89E15 /* Project object */;
}
